{
  "name": "devops",
  "version": "0.0.1",
  "lockfileVersion": 3,
  "requires": true,
  "packages": {
    "": {
      "name": "devops",
      "version": "0.0.1",
      "license": "ISC",
      "dependencies": {
        "@polycuber/script.cli": "^1.0.5"
      }
    },
    "node_modules/@polycuber/script.cli": {
      "version": "1.0.5",
      "resolved": "https://registry.npmjs.org/@polycuber/script.cli/-/script.cli-1.0.5.tgz",
      "integrity": "sha512-pauJo4MyGTw4oMo05fyeX/hKpIUatpKbEFYvuDKPph8l9jOlbe5NO0pD6Iq+oAJGFOzROkutYlnno57mdwUzLA=="
    }
  }
}
