{
  "name": "@sf-explorer/devops",
  "version": "0.0.3",
  "lockfileVersion": 3,
  "requires": true,
  "packages": {
    "": {
      "name": "@sf-explorer/devops",
      "version": "0.0.3",
      "license": "MIT",
      "dependencies": {
        "comment-parser": "^1.4.1"
      },
      "devDependencies": {
        "@polycuber/script.cli": "^1.0.5"
      }
    },
    "node_modules/@polycuber/script.cli": {
      "version": "1.0.5",
      "resolved": "https://registry.npmjs.org/@polycuber/script.cli/-/script.cli-1.0.5.tgz",
      "integrity": "sha512-pauJo4MyGTw4oMo05fyeX/hKpIUatpKbEFYvuDKPph8l9jOlbe5NO0pD6Iq+oAJGFOzROkutYlnno57mdwUzLA==",
      "dev": true
    },
    "node_modules/comment-parser": {
      "version": "1.4.1",
      "resolved": "https://registry.npmjs.org/comment-parser/-/comment-parser-1.4.1.tgz",
      "integrity": "sha512-buhp5kePrmda3vhc5B9t7pUQXAb2Tnd0qgpkIhPhkHXxJpiPJ11H0ZEU0oBpJ2QztSbzG/ZxMj/CHsYJqRHmyg==",
      "engines": {
        "node": ">= 12.0.0"
      }
    }
  }
}
